
Microsoft Visual Studio Solution File, Format Version 12.00
# Visual Studio 15
VisualStudioVersion = 15.0.26730.10
MinimumVisualStudioVersion = 10.0.40219.1
Project("{FAE04EC0-301F-11D3-BF4B-00C04F79EFBC}") = "EvapotranspirationCalculator", "EvapotranspirationCalculator\EvapotranspirationCalculator.csproj", "{ABF41970-4010-47B8-A048-893AFA271E2E}"
EndProject
Project("{FAE04EC0-301F-11D3-BF4B-00C04F79EFBC}") = "TestApplication", "TestApplication\TestApplication.csproj", "{F378E9BD-0F4E-479B-8133-012CA38BE7A1}"
EndProject
Global
	GlobalSection(SolutionConfigurationPlatforms) = preSolution
		Debug|Any CPU = Debug|Any CPU
		Release|Any CPU = Release|Any CPU
	EndGlobalSection
	GlobalSection(ProjectConfigurationPlatforms) = postSolution
		{ABF41970-4010-47B8-A048-893AFA271E2E}.Debug|Any CPU.ActiveCfg = Debug|Any CPU
		{ABF41970-4010-47B8-A048-893AFA271E2E}.Debug|Any CPU.Build.0 = Debug|Any CPU
		{ABF41970-4010-47B8-A048-893AFA271E2E}.Release|Any CPU.ActiveCfg = Release|Any CPU
		{ABF41970-4010-47B8-A048-893AFA271E2E}.Release|Any CPU.Build.0 = Release|Any CPU
		{F378E9BD-0F4E-479B-8133-012CA38BE7A1}.Debug|Any CPU.ActiveCfg = Debug|Any CPU
		{F378E9BD-0F4E-479B-8133-012CA38BE7A1}.Debug|Any CPU.Build.0 = Debug|Any CPU
		{F378E9BD-0F4E-479B-8133-012CA38BE7A1}.Release|Any CPU.ActiveCfg = Release|Any CPU
		{F378E9BD-0F4E-479B-8133-012CA38BE7A1}.Release|Any CPU.Build.0 = Release|Any CPU
	EndGlobalSection
	GlobalSection(SolutionProperties) = preSolution
		HideSolutionNode = FALSE
	EndGlobalSection
	GlobalSection(ExtensibilityGlobals) = postSolution
		SolutionGuid = {8B6E3047-DCA7-4F2D-971A-56EC589D4452}
	EndGlobalSection
EndGlobal
